
Microsoft Visual Studio Solution File, Format Version 12.00
# Visual Studio Version 16
VisualStudioVersion = 16.0.30413.136
MinimumVisualStudioVersion = 10.0.40219.1
Project("{8BC9CEB8-8B4A-11D0-8D11-00A0C91BC942}") = "6.2", "6.2\6.2.vcxproj", "{57831969-D2DD-45AA-8D99-749234A5EDC7}"
EndProject
Global
	GlobalSection(SolutionConfigurationPlatforms) = preSolution
		Debug|x64 = Debug|x64
		Debug|x86 = Debug|x86
		Release|x64 = Release|x64
		Release|x86 = Release|x86
	EndGlobalSection
	GlobalSection(ProjectConfigurationPlatforms) = postSolution
		{57831969-D2DD-45AA-8D99-749234A5EDC7}.Debug|x64.ActiveCfg = Debug|x64
		{57831969-D2DD-45AA-8D99-749234A5EDC7}.Debug|x64.Build.0 = Debug|x64
		{57831969-D2DD-45AA-8D99-749234A5EDC7}.Debug|x86.ActiveCfg = Debug|Win32
		{57831969-D2DD-45AA-8D99-749234A5EDC7}.Debug|x86.Build.0 = Debug|Win32
		{57831969-D2DD-45AA-8D99-749234A5EDC7}.Release|x64.ActiveCfg = Release|x64
		{57831969-D2DD-45AA-8D99-749234A5EDC7}.Release|x64.Build.0 = Release|x64
		{57831969-D2DD-45AA-8D99-749234A5EDC7}.Release|x86.ActiveCfg = Release|Win32
		{57831969-D2DD-45AA-8D99-749234A5EDC7}.Release|x86.Build.0 = Release|Win32
	EndGlobalSection
	GlobalSection(SolutionProperties) = preSolution
		HideSolutionNode = FALSE
	EndGlobalSection
	GlobalSection(ExtensibilityGlobals) = postSolution
		SolutionGuid = {CF7DAF23-DDD2-4AA1-8677-9460E6A63B16}
	EndGlobalSection
EndGlobal
